{
  "version": "5",
  "specifiers": {
    "jsr:@iuioiua/redis@^1.1.10": "1.1.10",
    "jsr:@std/assert@1": "1.0.19",
    "jsr:@std/internal@^1.0.12": "1.0.12"
  },
  "jsr": {
    "@iuioiua/redis@1.1.10": {
      "integrity": "b743e861a77a874fb7b310e0e4e3f5077300f5c8a13c398c31844ef4fc5353bf"
    },
    "@std/assert@1.0.19": {
      "integrity": "eaada96ee120cb980bc47e040f82814d786fe8162ecc53c91d8df60b8755991e",
      "dependencies": [
        "jsr:@std/internal"
      ]
    },
    "@std/internal@1.0.12": {
      "integrity": "972a634fd5bc34b242024402972cd5143eac68d8dffaca5eaa4dba30ce17b027"
    }
  },
  "workspace": {
    "dependencies": [
      "jsr:@db/postgres@~0.19.5",
      "jsr:@iuioiua/redis@^1.1.10",
      "jsr:@std/assert@1",
      "jsr:@std/cli@^1.0.28"
    ]
  }
}
