{
  "version": "5",
  "specifiers": {
    "jsr:@cliffy/ansi@1.0.1": "1.0.1",
    "jsr:@cliffy/ansi@^1.0.1": "1.0.1",
    "jsr:@cliffy/command@^1.0.1": "1.0.1",
    "jsr:@cliffy/flags@1.0.1": "1.0.1",
    "jsr:@cliffy/internal@1.0.1": "1.0.1",
    "jsr:@cliffy/keycode@1.0.1": "1.0.1",
    "jsr:@cliffy/prompt@^1.0.1": "1.0.1",
    "jsr:@cliffy/table@1.0.1": "1.0.1",
    "jsr:@cliffy/table@^1.0.1": "1.0.1",
    "jsr:@db/postgres@~0.19.5": "0.19.5",
    "jsr:@iuioiua/redis@^1.1.10": "1.1.10",
    "jsr:@std/assert@1": "1.0.19",
    "jsr:@std/assert@^1.0.19": "1.0.19",
    "jsr:@std/bytes@^1.0.5": "1.0.6",
    "jsr:@std/bytes@^1.0.6": "1.0.6",
    "jsr:@std/cli@^1.0.28": "1.0.28",
    "jsr:@std/crypto@^1.0.4": "1.0.5",
    "jsr:@std/encoding@^1.0.10": "1.0.10",
    "jsr:@std/encoding@^1.0.9": "1.0.10",
    "jsr:@std/fmt@^1.0.6": "1.0.9",
    "jsr:@std/fmt@^1.0.9": "1.0.9",
    "jsr:@std/internal@^1.0.12": "1.0.12",
    "jsr:@std/io@~0.225.3": "0.225.3",
    "jsr:@std/path@*": "1.1.4",
    "jsr:@std/path@^1.0.8": "1.1.4",
    "jsr:@std/path@^1.1.4": "1.1.4",
    "jsr:@std/streams@*": "1.0.17",
    "jsr:@std/streams@^1.0.17": "1.0.17",
    "jsr:@std/text@^1.0.17": "1.0.18"
  },
  "jsr": {
    "@cliffy/ansi@1.0.1": {
      "integrity": "46be51d0993a916dbed68564a6630dc1a742ebb0247744e04bc17e85d72f5bed",
      "dependencies": [
        "jsr:@cliffy/internal",
        "jsr:@std/encoding@^1.0.10",
        "jsr:@std/fmt@^1.0.9",
        "jsr:@std/io"
      ]
    },
    "@cliffy/command@1.0.1": {
      "integrity": "0172d9c7d8aeb26b8f4f44ffa833247e4fbab707e258ee271e10a2a2f87b531d",
      "dependencies": [
        "jsr:@cliffy/flags",
        "jsr:@cliffy/internal",
        "jsr:@cliffy/table@1.0.1",
        "jsr:@std/fmt@^1.0.9",
        "jsr:@std/text"
      ]
    },
    "@cliffy/flags@1.0.1": {
      "integrity": "468dcf65acb33b51ecb2e232c30603209c528b1d1bd9e065921b57fcb342cb01",
      "dependencies": [
        "jsr:@cliffy/internal",
        "jsr:@std/text"
      ]
    },
    "@cliffy/internal@1.0.1": {
      "integrity": "9e2bba59ad559b790f09c57219c727a69f0179ebabc07f1bf9db25232b606760"
    },
    "@cliffy/keycode@1.0.1": {
      "integrity": "b01053b39bce5536e36aff9b262d84a7b289bcff03d904f3cf60f9dc1605ce9f"
    },
    "@cliffy/prompt@1.0.1": {
      "integrity": "717265ab9a2ad2a3c06d2a090bb3068f1a5a5efd6ea3c6da9ea09274f74830cd",
      "dependencies": [
        "jsr:@cliffy/ansi@1.0.1",
        "jsr:@cliffy/internal",
        "jsr:@cliffy/keycode",
        "jsr:@std/assert@^1.0.19",
        "jsr:@std/fmt@^1.0.9",
        "jsr:@std/io",
        "jsr:@std/path@^1.1.4",
        "jsr:@std/text"
      ]
    },
    "@cliffy/table@1.0.1": {
      "integrity": "2b1baa3ef9e16ecb7f3fdcf1deb9f5fa5ffa308ea0e68478224a4c2d44d58166",
      "dependencies": [
        "jsr:@std/fmt@^1.0.9"
      ]
    },
    "@db/postgres@0.19.5": {
      "integrity": "afdbe608bd066cda2ee5dba37c416d332098b9238c51aec223331108e281954c",
      "dependencies": [
        "jsr:@std/bytes@^1.0.5",
        "jsr:@std/crypto",
        "jsr:@std/encoding@^1.0.9",
        "jsr:@std/fmt@^1.0.6",
        "jsr:@std/path@^1.0.8"
      ]
    },
    "@iuioiua/redis@1.1.10": {
      "integrity": "b743e861a77a874fb7b310e0e4e3f5077300f5c8a13c398c31844ef4fc5353bf"
    },
    "@std/assert@1.0.19": {
      "integrity": "eaada96ee120cb980bc47e040f82814d786fe8162ecc53c91d8df60b8755991e",
      "dependencies": [
        "jsr:@std/internal"
      ]
    },
    "@std/bytes@1.0.6": {
      "integrity": "f6ac6adbd8ccd99314045f5703e23af0a68d7f7e58364b47d2c7f408aeb5820a"
    },
    "@std/cli@1.0.28": {
      "integrity": "74ef9b976db59ca6b23a5283469c9072be6276853807a83ec6c7ce412135c70a",
      "dependencies": [
        "jsr:@std/fmt@^1.0.9",
        "jsr:@std/internal"
      ]
    },
    "@std/crypto@1.0.5": {
      "integrity": "0dcfbb319fe0bba1bd3af904ceb4f948cde1b92979ec1614528380ed308a3b40"
    },
    "@std/encoding@1.0.10": {
      "integrity": "8783c6384a2d13abd5e9e87a7ae0520a30e9f56aeeaa3bdf910a3eaaf5c811a1"
    },
    "@std/fmt@1.0.9": {
      "integrity": "2487343e8899fb2be5d0e3d35013e54477ada198854e52dd05ed0422eddcabe0"
    },
    "@std/internal@1.0.12": {
      "integrity": "972a634fd5bc34b242024402972cd5143eac68d8dffaca5eaa4dba30ce17b027"
    },
    "@std/io@0.225.3": {
      "integrity": "27b07b591384d12d7b568f39e61dff966b8230559122df1e9fd11cc068f7ddd1"
    },
    "@std/path@1.1.4": {
      "integrity": "1d2d43f39efb1b42f0b1882a25486647cb851481862dc7313390b2bb044314b5",
      "dependencies": [
        "jsr:@std/internal"
      ]
    },
    "@std/streams@1.0.17": {
      "integrity": "7859f3d9deed83cf4b41f19223d4a67661b3d3819e9fc117698f493bf5992140",
      "dependencies": [
        "jsr:@std/bytes@^1.0.6"
      ]
    },
    "@std/text@1.0.18": {
      "integrity": "d199e516f80599813c64fd4aee5b8f26f6f7d1e1434c88fd153aeea6fea6a9b9"
    }
  },
  "workspace": {
    "dependencies": [
      "jsr:@cliffy/ansi@^1.0.1",
      "jsr:@cliffy/command@^1.0.1",
      "jsr:@cliffy/prompt@^1.0.1",
      "jsr:@cliffy/table@^1.0.1",
      "jsr:@cliffy/testing@^1.0.1",
      "jsr:@db/postgres@~0.19.5",
      "jsr:@iuioiua/redis@^1.1.10",
      "jsr:@std/assert@1",
      "jsr:@std/cli@^1.0.28",
      "jsr:@std/path@^1.0.8",
      "jsr:@std/streams@^1.0.17"
    ]
  }
}
